# This file is generated by running "yarn install" inside your project.
# Manual changes might be lost - proceed with caution!

__metadata:
  version: 4
  cacheKey: 4

"@fortawesome/fontawesome-free@npm:^5.13.0":
  version: 5.13.0
  resolution: "@fortawesome/fontawesome-free@npm:5.13.0"
  checksum: 53f4c992a1feac188ae198a9c6fd18ac696022d30d5ebb044ae9013053d0e60e1b7bfe2f831c9a0114adf4accaa457a47023966a9dacf508ddbcbb20a027f719
  languageName: node
  linkType: hard

"arete@workspace:.":
  version: 0.0.0-use.local
  resolution: "arete@workspace:."
  dependencies:
    "@fortawesome/fontawesome-free": ^5.13.0
    bootstrap: ^4.5.0
    jquery: ^3.5.1
    marked: ^1.1.0
    material-design-icons-iconfont: ^5.0.1
    materialize-css: ^1.0.0
    moment: ^2.26.0
    moment-timezone: ^0.5.31
    popper.js: ^1.16.1
    quill: ^1.3.7
  languageName: unknown
  linkType: soft

"bootstrap@npm:^4.5.0":
  version: 4.5.0
  resolution: "bootstrap@npm:4.5.0"
  peerDependencies:
    jquery: 1.9.1 - 3
    popper.js: ^1.16.0
  checksum: 89284a8d1bfcf508588e2eedb652374af5790d2b47d3ca7b192ec67742db99c9652181979a6ab16b91230df1efea1a8ac5a4e6ffd44265a7b5f0583d275227d3
  languageName: node
  linkType: hard

"clone@npm:^2.1.1":
  version: 2.1.2
  resolution: "clone@npm:2.1.2"
  checksum: 85232d66015d2d703dc59812e30049931d97c7815bf70569ae4fb7a66be257f46fcf47040e4e7050966ca195a9e615d59d73ba9e39fc37eedba1a76865f27ab1
  languageName: node
  linkType: hard

"deep-equal@npm:^1.0.1":
  version: 1.1.1
  resolution: "deep-equal@npm:1.1.1"
  dependencies:
    is-arguments: ^1.0.4
    is-date-object: ^1.0.1
    is-regex: ^1.0.4
    object-is: ^1.0.1
    object-keys: ^1.1.1
    regexp.prototype.flags: ^1.2.0
  checksum: cc6a0009ce73a10230758d50795211fb3ceb7eb7f2cf8baed1c4a4cb2a06dc28857ce11e641c95ca9abb5edc1f1e86a4bb6bcffaadf9fe9d310c102d346d043b
  languageName: node
  linkType: hard

"define-properties@npm:^1.1.2, define-properties@npm:^1.1.3":
  version: 1.1.3
  resolution: "define-properties@npm:1.1.3"
  dependencies:
    object-keys: ^1.0.12
  checksum: b69c48c1b1dacb61f0b1cea367707c3bb214e3c47818aff18e6f20a7f88cbfa33d4cbdfd9ff79e56faba95ddca3d78ff10fbf2f02ecfad6f3e13b256e76b1212
  languageName: node
  linkType: hard

"es-abstract@npm:^1.17.0-next.1, es-abstract@npm:^1.17.5":
  version: 1.17.6
  resolution: "es-abstract@npm:1.17.6"
  dependencies:
    es-to-primitive: ^1.2.1
    function-bind: ^1.1.1
    has: ^1.0.3
    has-symbols: ^1.0.1
    is-callable: ^1.2.0
    is-regex: ^1.1.0
    object-inspect: ^1.7.0
    object-keys: ^1.1.1
    object.assign: ^4.1.0
    string.prototype.trimend: ^1.0.1
    string.prototype.trimstart: ^1.0.1
  checksum: 637ad488bdcbc538dfb35ee30cdbe5e48ecf68c5145a368c8f1be346e83d2555e416709e9382eb9902e542da94763cdd2152d87dbbb01b5b39919c1329bd0bb4
  languageName: node
  linkType: hard

"es-to-primitive@npm:^1.2.1":
  version: 1.2.1
  resolution: "es-to-primitive@npm:1.2.1"
  dependencies:
    is-callable: ^1.1.4
    is-date-object: ^1.0.1
    is-symbol: ^1.0.2
  checksum: d20b7be268b84662469972ec7265a57d4d6a65b9bf2b73f040d75e14f9f6dbe266a1a88579162e11349f9cb70eaa17640efb515c90dab19745a904b680b14be3
  languageName: node
  linkType: hard

"eventemitter3@npm:^2.0.3":
  version: 2.0.3
  resolution: "eventemitter3@npm:2.0.3"
  checksum: ef4875784b1d5e175fb27718e06c73b11fc92a412f56dcb62def92c8bd9eecd533f5444c0e4a17de524da885b51c3fa2330996300f9b83d01ff85b0f5548d0d6
  languageName: node
  linkType: hard

"extend@npm:^3.0.2":
  version: 3.0.2
  resolution: "extend@npm:3.0.2"
  checksum: 1406da1f0c4b00b839497e4cdd0ec4303ce2ae349144b7c28064a5073c93ce8c08da4e8fb1bc5cb459ffcdff30a35fc0fe54344eb88320e70100c1baea6f195c
  languageName: node
  linkType: hard

"fast-diff@npm:1.1.2":
  version: 1.1.2
  resolution: "fast-diff@npm:1.1.2"
  checksum: da9aec22af75159330ade58076544cf7518f533c2b3c1a0932a28f768908425ab4b6262e51823d7b1fa335060151d3602ad60d09e25d6d5042a93c0e26a01070
  languageName: node
  linkType: hard

"function-bind@npm:^1.1.1":
  version: 1.1.1
  resolution: "function-bind@npm:1.1.1"
  checksum: ffad86e7d2010ba179aaa6a3987d2cc0ed48fa92d27f1ed84bfa06d14f77deeed5bfbae7f00bdebc0c54218392cab2b18ecc080e2c72f592431927b87a27d42b
  languageName: node
  linkType: hard

"has-symbols@npm:^1.0.0, has-symbols@npm:^1.0.1":
  version: 1.0.1
  resolution: "has-symbols@npm:1.0.1"
  checksum: 84e2a03ada6f530f0c1ebea64df5932556ac20a4b78998f1f2b5dd0cf736843e8082c488b0ea7f08b9aec72fb6d8b736beed2fd62fac60dcaebfdc0b8d2aa7ac
  languageName: node
  linkType: hard

"has@npm:^1.0.3":
  version: 1.0.3
  resolution: "has@npm:1.0.3"
  dependencies:
    function-bind: ^1.1.1
  checksum: c686e15300d41364486c099a9259d9c418022c294244843dcd712c4c286ff839d4f23a25413baa28c4d2c1e828afc2aaab70f685400b391533980223c71fa1ca
  languageName: node
  linkType: hard

"is-arguments@npm:^1.0.4":
  version: 1.0.4
  resolution: "is-arguments@npm:1.0.4"
  checksum: a04bc21254cfbb77c934ec51165ef7629c12cabd2a92c2c4333280b5117f138fcec6369dd2ab7d8fe24e3af7dbc2a4ce389c53ed0b55b0f8818788c3c09f4ad2
  languageName: node
  linkType: hard

"is-callable@npm:^1.1.4, is-callable@npm:^1.2.0":
  version: 1.2.0
  resolution: "is-callable@npm:1.2.0"
  checksum: 8a5e68b7c3a95159c98595789015da72e71432e638c4bc0aad4722ea6a1ffeca178838cfb6012f5b9cc1a8c61b737704bd658d8f588959a46a899961667e99f5
  languageName: node
  linkType: hard

"is-date-object@npm:^1.0.1":
  version: 1.0.2
  resolution: "is-date-object@npm:1.0.2"
  checksum: 0e322699464a99da638c8a583b74dfb791732b6bc9c102bc0b7ac6303d83c86b9935f19b8d2ed4de52092241190c8826b099cb31972dea49a99b755293c0b1cf
  languageName: node
  linkType: hard

"is-regex@npm:^1.0.4, is-regex@npm:^1.1.0":
  version: 1.1.0
  resolution: "is-regex@npm:1.1.0"
  dependencies:
    has-symbols: ^1.0.1
  checksum: 8fe7ae8c060ff831660be439c17a39dadc97c950d2636634f27db83b6a048695b1c46d304ba8a77efe906fb20c99755fdf4a1f628fcf75de3cdcbb687096bdaa
  languageName: node
  linkType: hard

"is-symbol@npm:^1.0.2":
  version: 1.0.3
  resolution: "is-symbol@npm:1.0.3"
  dependencies:
    has-symbols: ^1.0.1
  checksum: 753aa0cf95069387521b110c6646df4e0b5cce76cf604521c26b4f5d30a997a95036ed5930c0cca9e850ac6fccb04de551cc95aab71df471ee88e04ed1a96f21
  languageName: node
  linkType: hard

"jquery@npm:^3.5.1":
  version: 3.5.1
  resolution: "jquery@npm:3.5.1"
  checksum: c50818c84837902a60938c85786feb612f346a9918f7285409d605449460790b3815ad8aaf5806f19e89f1a79b27d327802b421ab354fe213f3fd1801e3562e6
  languageName: node
  linkType: hard

"marked@npm:^1.1.0":
  version: 1.1.0
  resolution: "marked@npm:1.1.0"
  bin:
    marked: bin/marked
  checksum: 8cd86fd8c66e6e2ee6450c9520b48c19c147b75ec1f10c1da546811164d36b6f90098ba005f192823d76e0eda6477f6c84b9eb723e4b617aef57d15dfb7cf1b2
  languageName: node
  linkType: hard

"material-design-icons-iconfont@npm:^5.0.1":
  version: 5.0.1
  resolution: "material-design-icons-iconfont@npm:5.0.1"
  checksum: 54eecee8e0db2641baf2b2cf88ca4b6de3c3c356d7ce351f844649a14f6b2d2946af72af043f9286faaf91ccc4d139b268d8754b6a8b03927bece16288c7b055
  languageName: node
  linkType: hard

"materialize-css@npm:^1.0.0":
  version: 1.0.0
  resolution: "materialize-css@npm:1.0.0"
  checksum: 21e6bfccc2f62fd0bfe24bd6db5d643c763f98ff1c159b258a7f58c4bfc1f339ee563aa68c2f81bf970cdeb76f85fb999605d30401ed3ad676a641a6445f581d
  languageName: node
  linkType: hard

"moment-timezone@npm:^0.5.31":
  version: 0.5.31
  resolution: "moment-timezone@npm:0.5.31"
  dependencies:
    moment: ">= 2.9.0"
  checksum: db8c241301530919ea3091b75c067c1b919973619bed0f3b0c009eb94e44da726452a1382c099d55a876407fd4e22802b45bc51f96c5cbfbb7fbbfa6660079e8
  languageName: node
  linkType: hard

"moment@npm:>= 2.9.0, moment@npm:^2.26.0":
  version: 2.26.0
  resolution: "moment@npm:2.26.0"
  checksum: 67bf24cd08c7aa392981f37ce1802214bc39f0f269cb77d9c7b50d9548e936fd23eacab55615882aea13736dfdb89880f2ac998400962253991e9cb0e54e8d71
  languageName: node
  linkType: hard

"object-inspect@npm:^1.7.0":
  version: 1.7.0
  resolution: "object-inspect@npm:1.7.0"
  checksum: 9f479ca1002fedbf4e1c5dec908477d1a7a2dd4466af0b4cf5886d269db54d8310544dfb7670a17a4c5d6a7a3dd3c346be38ea6b3541330551900a3134dec662
  languageName: node
  linkType: hard

"object-is@npm:^1.0.1":
  version: 1.1.2
  resolution: "object-is@npm:1.1.2"
  dependencies:
    define-properties: ^1.1.3
    es-abstract: ^1.17.5
  checksum: 9ea7df4475f250c968171fa142b6584bad4c65859af8cb50e06fa8168089ae47afb460776ab60fe5f3aea8ea3c97b30dd0b37d41e23106f2abcc7d6f982bec04
  languageName: node
  linkType: hard

"object-keys@npm:^1.0.11, object-keys@npm:^1.0.12, object-keys@npm:^1.1.1":
  version: 1.1.1
  resolution: "object-keys@npm:1.1.1"
  checksum: 30d72d768b7f3f42144cee517b80e70c40cf39bb76f100557ffac42779613c591780135c54d8133894a78d2c0ae817e24a5891484722c6019a5cd5b58c745c66
  languageName: node
  linkType: hard

"object.assign@npm:^4.1.0":
  version: 4.1.0
  resolution: "object.assign@npm:4.1.0"
  dependencies:
    define-properties: ^1.1.2
    function-bind: ^1.1.1
    has-symbols: ^1.0.0
    object-keys: ^1.0.11
  checksum: 92e20891ddf04d9974f7b178ae70d198727dcd638c8a5a422f07f730f40140c4fe02451cdc9c37e9f22392e5487b9162975003a9f20b16a87b9d13fe150cf62d
  languageName: node
  linkType: hard

"parchment@npm:^1.1.4":
  version: 1.1.4
  resolution: "parchment@npm:1.1.4"
  checksum: b36d4a8b6d6473ba78a74447980afd7566e578b054808c07dc564248e814c00b98177b615238bb4bc6cda7c25e0987325df89e6c40c6b8f83deb2b60960474a0
  languageName: node
  linkType: hard

"popper.js@npm:^1.16.1":
  version: 1.16.1
  resolution: "popper.js@npm:1.16.1"
  checksum: eb53806fb7680e31c7d1db096f95438a40a7cb869f7ee0e27100c0860f11583a0d322606c6073618e7fe8865f834ec36482901b547256d9a0cf2b22434bca75d
  languageName: node
  linkType: hard

"quill-delta@npm:^3.6.2":
  version: 3.6.3
  resolution: "quill-delta@npm:3.6.3"
  dependencies:
    deep-equal: ^1.0.1
    extend: ^3.0.2
    fast-diff: 1.1.2
  checksum: ac28eab2603326f835a4bc264d25ed462375dea032ca77ed1bded0a1d2f80d925582d9e5e602b22f0f9e62dc5df6a6709b750a365aaef466473ddd0a9eb5eb4a
  languageName: node
  linkType: hard

"quill@npm:^1.3.7":
  version: 1.3.7
  resolution: "quill@npm:1.3.7"
  dependencies:
    clone: ^2.1.1
    deep-equal: ^1.0.1
    eventemitter3: ^2.0.3
    extend: ^3.0.2
    parchment: ^1.1.4
    quill-delta: ^3.6.2
  checksum: 866c28e58d739ab69c3abb0135fd4dcb3bb026e407add1eeac52cf52b11cad8b8afc5972e1326dbbcf5ca9a9f357dba3a1fed567046f061a54e81b1332347309
  languageName: node
  linkType: hard

"regexp.prototype.flags@npm:^1.2.0":
  version: 1.3.0
  resolution: "regexp.prototype.flags@npm:1.3.0"
  dependencies:
    define-properties: ^1.1.3
    es-abstract: ^1.17.0-next.1
  checksum: 468e19b3aed632653333741346cab170787b9bc79eecdfdd3d7ba5be26574c135edc2ce286d9d4154b635158c3c44f9614fca51cbf6d4d3f529ef89cf7e03908
  languageName: node
  linkType: hard

"string.prototype.trimend@npm:^1.0.1":
  version: 1.0.1
  resolution: "string.prototype.trimend@npm:1.0.1"
  dependencies:
    define-properties: ^1.1.3
    es-abstract: ^1.17.5
  checksum: 93046463de6a3b4ae27d0622ae8795239c8d372b1be1a60122fce591bf7578b719becf00bf04326642a868bc6185f35901119b61a246509dd0dc0666b2a803ed
  languageName: node
  linkType: hard

"string.prototype.trimstart@npm:^1.0.1":
  version: 1.0.1
  resolution: "string.prototype.trimstart@npm:1.0.1"
  dependencies:
    define-properties: ^1.1.3
    es-abstract: ^1.17.5
  checksum: 20c4a940f1ba65b0aa5abf0c319dceba4fbf04d24553583b0b82eba2711815d1e40663ce36175ed06475701dbe797cac81be1ec1dc4bb4416b2077e8b0409036
  languageName: node
  linkType: hard
